# This file is automatically @generated by Cargo.
# It is not intended for manual editing.
version = 4

[[package]]
name = "coreshift-core"
version = "1.2.20"
source = "registry+https://github.com/rust-lang/crates.io-index"
checksum = "abdd8a7a81167896d869b754b15e9df7d4ca475a20ced117a3c54d7a17852794"
dependencies = [
 "libc",
]

[[package]]
name = "coreshift-foreground"
version = "0.1.12"
dependencies = [
 "coreshift-core",
]

[[package]]
name = "libc"
version = "0.2.186"
source = "registry+https://github.com/rust-lang/crates.io-index"
checksum = "68ab91017fe16c622486840e4c83c9a37afeff978bd239b5293d61ece587de66"
