# This file is automatically @generated by Cargo.
# It is not intended for manual editing.
version = 4

[[package]]
name = "coreshift-core"
version = "1.2.6"
source = "registry+https://github.com/rust-lang/crates.io-index"
checksum = "ea544d297ebe5d4d8bb5abd2bff718bc341a473ae0b26b227aaa70a18c88a3f2"
dependencies = [
 "libc",
]

[[package]]
name = "coreshift-foreground"
version = "0.1.0"
dependencies = [
 "coreshift-core",
]

[[package]]
name = "libc"
version = "0.2.186"
source = "registry+https://github.com/rust-lang/crates.io-index"
checksum = "68ab91017fe16c622486840e4c83c9a37afeff978bd239b5293d61ece587de66"
